{
  "version": 4,
  "terraform_version": "1.6.5",
  "serial": 19,
  "lineage": "cab8d9db-ae52-a66d-6796-9cede1bfa0a9",
  "outputs": {},
  "resources": [
    {
      "mode": "managed",
      "type": "google_compute_address",
      "name": "static",
      "provider": "provider[\"registry.terraform.io/hashicorp/google\"]",
      "instances": [
        {
          "schema_version": 0,
          "attributes": {
            "address": "34.42.175.44",
            "address_type": "EXTERNAL",
            "creation_timestamp": "2023-12-20T04:29:07.032-08:00",
            "description": "",
            "effective_labels": {},
            "id": "projects/akiva-sandbox/regions/us-central1/addresses/ipv4-address",
            "ip_version": "",
            "ipv6_endpoint_type": "",
            "label_fingerprint": "42WmSpB8rSM=",
            "labels": null,
            "name": "ipv4-address",
            "network": "",
            "network_tier": "PREMIUM",
            "prefix_length": 0,
            "project": "akiva-sandbox",
            "purpose": "",
            "region": "us-central1",
            "self_link": "https://www.googleapis.com/compute/v1/projects/akiva-sandbox/regions/us-central1/addresses/ipv4-address",
            "subnetwork": "",
            "terraform_labels": {},
            "timeouts": null,
            "users": []
          },
          "sensitive_attributes": [],
          "private": "eyJlMmJmYjczMC1lY2FhLTExZTYtOGY4OC0zNDM2M2JjN2M0YzAiOnsiY3JlYXRlIjoxMjAwMDAwMDAwMDAwLCJkZWxldGUiOjEyMDAwMDAwMDAwMDAsInVwZGF0ZSI6MTIwMDAwMDAwMDAwMH19"
        }
      ]
    },
    {
      "mode": "managed",
      "type": "google_compute_instance",
      "name": "phase1-instance",
      "provider": "provider[\"registry.terraform.io/hashicorp/google\"]",
      "instances": [
        {
          "schema_version": 6,
          "attributes": {
            "advanced_machine_features": [],
            "allow_stopping_for_update": null,
            "attached_disk": [],
            "boot_disk": [
              {
                "auto_delete": true,
                "device_name": "persistent-disk-0",
                "disk_encryption_key_raw": "",
                "disk_encryption_key_sha256": "",
                "initialize_params": [
                  {
                    "image": "https://www.googleapis.com/compute/v1/projects/debian-cloud/global/images/debian-11-bullseye-v20231212",
                    "labels": {
                      "my_label": "value"
                    },
                    "resource_manager_tags": {},
                    "size": 10,
                    "type": "pd-standard"
                  }
                ],
                "kms_key_self_link": "",
                "mode": "READ_WRITE",
                "source": "https://www.googleapis.com/compute/v1/projects/akiva-sandbox/zones/us-central1-a/disks/phase1-instance"
              }
            ],
            "can_ip_forward": false,
            "confidential_instance_config": [],
            "cpu_platform": "AMD Rome",
            "current_status": "RUNNING",
            "deletion_protection": false,
            "description": "",
            "desired_status": null,
            "effective_labels": {},
            "enable_display": false,
            "guest_accelerator": [],
            "hostname": "",
            "id": "projects/akiva-sandbox/zones/us-central1-a/instances/phase1-instance",
            "instance_id": "3492598220619474563",
            "label_fingerprint": "42WmSpB8rSM=",
            "labels": {},
            "machine_type": "e2-micro",
            "metadata": {},
            "metadata_fingerprint": "CQDKUWEKgK8=",
            "metadata_startup_script": "#!/bin/bash\n\nset -e\nexec \u003e /tmp/debug-my-script.txt 2\u003e\u00261\n\nuseradd -m appadmin\nmkhomedir_helper appadmin\npasswd -d appadmin\nsleep 20\nsudo apt update\nsudo apt -y install curl\nsu - appadmin -c \"touch ~/.bash_profile\"\nsu - appadmin -c \"curl -o- https://raw.githubusercontent.com/nvm-sh/nvm/v0.38.0/install.sh | bash\"\nsleep 5\nsudo apt -y install npm\nsu - appadmin -c \"git clone https://github.com/commitgcp/akiva-exercise-phase-1.git ~/app/\"\nsu - appadmin -c \"cd ~/app/ \u0026\u0026 npm install\"\nsleep 20\nsu - appadmin -c \"wget https://storage.googleapis.com/cloud-sql-connectors/cloud-sql-proxy/v2.0.0/cloud-sql-proxy.linux.amd64 \\\n-O cloud-sql-proxy \u0026\u0026 chmod +x cloud-sql-proxy \u0026\u0026 ./cloud-sql-proxy --private-ip akiva-sandbox:us-central1:private-instance-5c6cc309 \u0026\"\nsu - appadmin -c \". ~/.nvm/nvm.sh \u0026\u0026 nvm install 12 \u0026\u0026 sleep 10 \u0026\u0026 cd ~/app \u0026\u0026 npm run initdb \u0026\u0026 npm run dev\"\n",
            "min_cpu_platform": "",
            "name": "phase1-instance",
            "network_interface": [
              {
                "access_config": [
                  {
                    "nat_ip": "34.42.175.44",
                    "network_tier": "PREMIUM",
                    "public_ptr_domain_name": ""
                  }
                ],
                "alias_ip_range": [],
                "internal_ipv6_prefix_length": 0,
                "ipv6_access_config": [],
                "ipv6_access_type": "",
                "ipv6_address": "",
                "name": "nic0",
                "network": "https://www.googleapis.com/compute/v1/projects/akiva-sandbox/global/networks/default",
                "network_ip": "10.128.15.213",
                "nic_type": "",
                "queue_count": 0,
                "stack_type": "IPV4_ONLY",
                "subnetwork": "https://www.googleapis.com/compute/v1/projects/akiva-sandbox/regions/us-central1/subnetworks/default",
                "subnetwork_project": "akiva-sandbox"
              }
            ],
            "network_performance_config": [],
            "params": [],
            "project": "akiva-sandbox",
            "reservation_affinity": [],
            "resource_policies": [],
            "scheduling": [
              {
                "automatic_restart": true,
                "instance_termination_action": "",
                "local_ssd_recovery_timeout": [],
                "min_node_cpus": 0,
                "node_affinities": [],
                "on_host_maintenance": "MIGRATE",
                "preemptible": false,
                "provisioning_model": "STANDARD"
              }
            ],
            "scratch_disk": [],
            "self_link": "https://www.googleapis.com/compute/v1/projects/akiva-sandbox/zones/us-central1-a/instances/phase1-instance",
            "service_account": [],
            "shielded_instance_config": [
              {
                "enable_integrity_monitoring": true,
                "enable_secure_boot": false,
                "enable_vtpm": true
              }
            ],
            "tags": [
              "http-server"
            ],
            "tags_fingerprint": "FYLDgkTKlA4=",
            "terraform_labels": {},
            "timeouts": null,
            "zone": "us-central1-a"
          },
          "sensitive_attributes": [],
          "private": "eyJlMmJmYjczMC1lY2FhLTExZTYtOGY4OC0zNDM2M2JjN2M0YzAiOnsiY3JlYXRlIjoxMjAwMDAwMDAwMDAwLCJkZWxldGUiOjEyMDAwMDAwMDAwMDAsInVwZGF0ZSI6MTIwMDAwMDAwMDAwMH0sInNjaGVtYV92ZXJzaW9uIjoiNiJ9",
          "dependencies": [
            "google_compute_address.static"
          ]
        }
      ]
    },
    {
      "mode": "managed",
      "type": "google_sql_database",
      "name": "app_database",
      "provider": "provider[\"registry.terraform.io/hashicorp/google\"]",
      "instances": [
        {
          "schema_version": 0,
          "attributes": {
            "charset": "UTF8",
            "collation": "en_US.UTF8",
            "deletion_policy": "DELETE",
            "id": "projects/akiva-sandbox/instances/phase1-db/databases/app-database",
            "instance": "phase1-db",
            "name": "app-database",
            "project": "akiva-sandbox",
            "self_link": "https://sqladmin.googleapis.com/sql/v1beta4/projects/akiva-sandbox/instances/phase1-db/databases/app-database",
            "timeouts": null
          },
          "sensitive_attributes": [],
          "private": "eyJlMmJmYjczMC1lY2FhLTExZTYtOGY4OC0zNDM2M2JjN2M0YzAiOnsiY3JlYXRlIjoxMjAwMDAwMDAwMDAwLCJkZWxldGUiOjEyMDAwMDAwMDAwMDAsInVwZGF0ZSI6MTIwMDAwMDAwMDAwMH19",
          "dependencies": [
            "google_sql_database_instance.instance"
          ]
        }
      ]
    },
    {
      "mode": "managed",
      "type": "google_sql_database_instance",
      "name": "instance",
      "provider": "provider[\"registry.terraform.io/hashicorp/google-beta\"]",
      "instances": [
        {
          "schema_version": 0,
          "attributes": {
            "available_maintenance_versions": [],
            "clone": [],
            "connection_name": "akiva-sandbox:us-central1:phase1-db",
            "database_version": "POSTGRES_13",
            "deletion_protection": true,
            "dns_name": "",
            "encryption_key_name": null,
            "first_ip_address": "34.170.208.79",
            "id": "phase1-db",
            "instance_type": "CLOUD_SQL_INSTANCE",
            "ip_address": [
              {
                "ip_address": "34.170.208.79",
                "time_to_retire": "",
                "type": "PRIMARY"
              },
              {
                "ip_address": "34.67.57.34",
                "time_to_retire": "",
                "type": "OUTGOING"
              }
            ],
            "maintenance_version": "POSTGRES_13_12.R20230830.01_07",
            "master_instance_name": "",
            "name": "phase1-db",
            "private_ip_address": "",
            "project": "akiva-sandbox",
            "psc_service_attachment_link": "",
            "public_ip_address": "34.170.208.79",
            "region": "us-central1",
            "replica_configuration": [],
            "restore_backup_context": [],
            "root_password": null,
            "self_link": "https://sqladmin.googleapis.com/sql/v1beta4/projects/akiva-sandbox/instances/phase1-db",
            "server_ca_cert": [
              {
                "cert": "-----BEGIN CERTIFICATE-----\nMIIDfzCCAmegAwIBAgIBADANBgkqhkiG9w0BAQsFADB3MS0wKwYDVQQuEyQyOWY2\nM2Y3MS1jNTM4LTRkMjctODMxNi04NTY5NTdhYjMwYTkxIzAhBgNVBAMTGkdvb2ds\nZSBDbG91ZCBTUUwgU2VydmVyIENBMRQwEgYDVQQKEwtHb29nbGUsIEluYzELMAkG\nA1UEBhMCVVMwHhcNMjMxMjIwMTEzNjU0WhcNMzMxMjE3MTEzNzU0WjB3MS0wKwYD\nVQQuEyQyOWY2M2Y3MS1jNTM4LTRkMjctODMxNi04NTY5NTdhYjMwYTkxIzAhBgNV\nBAMTGkdvb2dsZSBDbG91ZCBTUUwgU2VydmVyIENBMRQwEgYDVQQKEwtHb29nbGUs\nIEluYzELMAkGA1UEBhMCVVMwggEiMA0GCSqGSIb3DQEBAQUAA4IBDwAwggEKAoIB\nAQDN7c4AcU9qP5p2HWkf6SKeJHyVlgnWrxF+WvHb1sf7/cAfr1jzNXrFICG6FPNu\nO5oboqDIKfhwQOl3dTjXpAbGWiiN1pvrpWkIjcxkSrKgvDdqkNgXusyKxdNwGsxh\ny5HGMY6IxThrZW9ELgI7gKeo68+/TMaDjx0P1hjlmDsBbP1DC/CAw370VWXbkrGY\nNo6OregT2UWlCHpV2w+YKgf49f9as3SV2PUVfMcze3aZ/9lobxQoNYkVTeZDvZJZ\nLuzC6SadiFFmTW+k2QdpKa9OyRjme45j0znV33g4+IMb5BBdlzF86DI6AaxiJcwu\nqU1ieeUJyfCIAtTVJhfaIwXRAgMBAAGjFjAUMBIGA1UdEwEB/wQIMAYBAf8CAQAw\nDQYJKoZIhvcNAQELBQADggEBAH0IG6ydjsSsc9zzY3dDI7LbdsFuWw0dcGKckr+i\nZDXlAw6sP9XydTImqc1Cx7GXn+RlMv7Axgbw9AZApgCA7O4OzHvpJgunmOiCNiaZ\nOT56mHWBFwsP4yXnWRqw3nzD7vnsKdfscxcUtBZ9Xd6UGMt3epYWqeSP4+WzPxvs\nv4wsJjQMx64OjDkYNpN4h4R0zfWHMeQyUgbcPZUBMnFrmmfJ2SouuP/dD8dgTN5U\nVzoIpqErL2H5MTPSlBJfBnz/NoB97WEQ9FOtx6O9AR6QAOmc/2Em+O+JqrTKff6Z\nxdDwo6Xl7E5pV+1n5yiI7NKZJMztebr2eINeTRbm9Bb0zlo=\n-----END CERTIFICATE-----",
                "common_name": "C=US,O=Google\\, Inc,CN=Google Cloud SQL Server CA,dnQualifier=29f63f71-c538-4d27-8316-856957ab30a9",
                "create_time": "2023-12-20T11:36:54.828Z",
                "expiration_time": "2033-12-17T11:37:54.828Z",
                "sha1_fingerprint": "615c50062abe6342961276812eb1997d5b58511f"
              }
            ],
            "service_account_email_address": "p653089912503-vsv684@gcp-sa-cloud-sql.iam.gserviceaccount.com",
            "settings": [
              {
                "activation_policy": "ALWAYS",
                "active_directory_config": [],
                "advanced_machine_features": [],
                "availability_type": "ZONAL",
                "backup_configuration": [
                  {
                    "backup_retention_settings": [
                      {
                        "retained_backups": 7,
                        "retention_unit": "COUNT"
                      }
                    ],
                    "binary_log_enabled": false,
                    "enabled": false,
                    "location": "",
                    "point_in_time_recovery_enabled": false,
                    "start_time": "07:00",
                    "transaction_log_retention_days": 7
                  }
                ],
                "collation": "",
                "connector_enforcement": "NOT_REQUIRED",
                "data_cache_config": [],
                "database_flags": [],
                "deletion_protection_enabled": false,
                "deny_maintenance_period": [],
                "disk_autoresize": true,
                "disk_autoresize_limit": 0,
                "disk_size": 10,
                "disk_type": "PD_SSD",
                "edition": "ENTERPRISE",
                "insights_config": [],
                "ip_configuration": [
                  {
                    "allocated_ip_range": "",
                    "authorized_networks": [],
                    "enable_private_path_for_google_cloud_services": false,
                    "ipv4_enabled": true,
                    "private_network": "",
                    "psc_config": [],
                    "require_ssl": false,
                    "ssl_mode": ""
                  }
                ],
                "location_preference": [
                  {
                    "follow_gae_application": "",
                    "secondary_zone": "",
                    "zone": "us-central1-f"
                  }
                ],
                "maintenance_window": [],
                "password_validation_policy": [],
                "pricing_plan": "PER_USE",
                "sql_server_audit_config": [],
                "tier": "db-f1-micro",
                "time_zone": "",
                "user_labels": {},
                "version": 2
              }
            ],
            "timeouts": null
          },
          "sensitive_attributes": [],
          "private": "eyJlMmJmYjczMC1lY2FhLTExZTYtOGY4OC0zNDM2M2JjN2M0YzAiOnsiY3JlYXRlIjoyNDAwMDAwMDAwMDAwLCJkZWxldGUiOjE4MDAwMDAwMDAwMDAsInVwZGF0ZSI6MTgwMDAwMDAwMDAwMH19"
        }
      ]
    },
    {
      "mode": "managed",
      "type": "google_sql_user",
      "name": "app_db_user",
      "provider": "provider[\"registry.terraform.io/hashicorp/google\"]",
      "instances": [
        {
          "schema_version": 1,
          "attributes": {
            "deletion_policy": null,
            "host": "",
            "id": "app-db-user//phase1-db",
            "instance": "phase1-db",
            "name": "app-db-user",
            "password": "pass",
            "password_policy": [],
            "project": "akiva-sandbox",
            "sql_server_user_details": [],
            "timeouts": null,
            "type": ""
          },
          "sensitive_attributes": [],
          "private": "eyJlMmJmYjczMC1lY2FhLTExZTYtOGY4OC0zNDM2M2JjN2M0YzAiOnsiY3JlYXRlIjo2MDAwMDAwMDAwMDAsImRlbGV0ZSI6NjAwMDAwMDAwMDAwLCJ1cGRhdGUiOjYwMDAwMDAwMDAwMH0sInNjaGVtYV92ZXJzaW9uIjoiMSJ9",
          "dependencies": [
            "google_sql_database_instance.instance"
          ]
        }
      ]
    }
  ],
  "check_results": null
}
